
Microsoft Visual Studio Solution File, Format Version 12.00
# Visual Studio Version 17
VisualStudioVersion = 17.4.33205.214
MinimumVisualStudioVersion = 10.0.40219.1
Project("{FAE04EC0-301F-11D3-BF4B-00C04F79EFBC}") = "MyHRMS.API", "MyHRMS\MyHRMS.API.csproj", "{90978E0D-EAAC-4E79-B0BD-B691D885884B}"
EndProject
Project("{FAE04EC0-301F-11D3-BF4B-00C04F79EFBC}") = "MyHRMS.Common", "MyHRMS.Common\MyHRMS.Common.csproj", "{EA5091E2-BC4D-4E81-A7F4-0BBE9497CC0B}"
EndProject
Project("{FAE04EC0-301F-11D3-BF4B-00C04F79EFBC}") = "MyHRMS.Entity", "MyHRMS.Entity\MyHRMS.Entity.csproj", "{B069FAC3-E01A-41E9-913B-F7A9707C28C7}"
EndProject
Project("{FAE04EC0-301F-11D3-BF4B-00C04F79EFBC}") = "MyHRMS.IReporsitory", "MyHRMS.IReporsitory\MyHRMS.IReporsitory.csproj", "{FF4B7F5A-7978-49A3-8269-7166A20EB1FD}"
EndProject
Project("{FAE04EC0-301F-11D3-BF4B-00C04F79EFBC}") = "MyHRMS.Reporsitory", "MyHRMS.Reporsitory\MyHRMS.Reporsitory.csproj", "{659244EC-9184-4B5E-A17D-93EBB19EA84A}"
EndProject
Global
	GlobalSection(SolutionConfigurationPlatforms) = preSolution
		Debug|Any CPU = Debug|Any CPU
		Release|Any CPU = Release|Any CPU
	EndGlobalSection
	GlobalSection(ProjectConfigurationPlatforms) = postSolution
		{90978E0D-EAAC-4E79-B0BD-B691D885884B}.Debug|Any CPU.ActiveCfg = Debug|Any CPU
		{90978E0D-EAAC-4E79-B0BD-B691D885884B}.Debug|Any CPU.Build.0 = Debug|Any CPU
		{90978E0D-EAAC-4E79-B0BD-B691D885884B}.Release|Any CPU.ActiveCfg = Release|Any CPU
		{90978E0D-EAAC-4E79-B0BD-B691D885884B}.Release|Any CPU.Build.0 = Release|Any CPU
		{EA5091E2-BC4D-4E81-A7F4-0BBE9497CC0B}.Debug|Any CPU.ActiveCfg = Debug|Any CPU
		{EA5091E2-BC4D-4E81-A7F4-0BBE9497CC0B}.Debug|Any CPU.Build.0 = Debug|Any CPU
		{EA5091E2-BC4D-4E81-A7F4-0BBE9497CC0B}.Release|Any CPU.ActiveCfg = Release|Any CPU
		{EA5091E2-BC4D-4E81-A7F4-0BBE9497CC0B}.Release|Any CPU.Build.0 = Release|Any CPU
		{B069FAC3-E01A-41E9-913B-F7A9707C28C7}.Debug|Any CPU.ActiveCfg = Debug|Any CPU
		{B069FAC3-E01A-41E9-913B-F7A9707C28C7}.Debug|Any CPU.Build.0 = Debug|Any CPU
		{B069FAC3-E01A-41E9-913B-F7A9707C28C7}.Release|Any CPU.ActiveCfg = Release|Any CPU
		{B069FAC3-E01A-41E9-913B-F7A9707C28C7}.Release|Any CPU.Build.0 = Release|Any CPU
		{FF4B7F5A-7978-49A3-8269-7166A20EB1FD}.Debug|Any CPU.ActiveCfg = Debug|Any CPU
		{FF4B7F5A-7978-49A3-8269-7166A20EB1FD}.Debug|Any CPU.Build.0 = Debug|Any CPU
		{FF4B7F5A-7978-49A3-8269-7166A20EB1FD}.Release|Any CPU.ActiveCfg = Release|Any CPU
		{FF4B7F5A-7978-49A3-8269-7166A20EB1FD}.Release|Any CPU.Build.0 = Release|Any CPU
		{659244EC-9184-4B5E-A17D-93EBB19EA84A}.Debug|Any CPU.ActiveCfg = Debug|Any CPU
		{659244EC-9184-4B5E-A17D-93EBB19EA84A}.Debug|Any CPU.Build.0 = Debug|Any CPU
		{659244EC-9184-4B5E-A17D-93EBB19EA84A}.Release|Any CPU.ActiveCfg = Release|Any CPU
		{659244EC-9184-4B5E-A17D-93EBB19EA84A}.Release|Any CPU.Build.0 = Release|Any CPU
	EndGlobalSection
	GlobalSection(SolutionProperties) = preSolution
		HideSolutionNode = FALSE
	EndGlobalSection
	GlobalSection(ExtensibilityGlobals) = postSolution
		SolutionGuid = {0A5B1371-BAA6-4EC2-B83F-1B74135E3E07}
	EndGlobalSection
EndGlobal
